
Microsoft Visual Studio Solution File, Format Version 12.00
# Visual Studio 15
VisualStudioVersion = 15.0.26730.12
MinimumVisualStudioVersion = 10.0.40219.1
Project("{FAE04EC0-301F-11D3-BF4B-00C04F79EFBC}") = "ManagmentManual", "ManagmentManual\ManagmentManual.csproj", "{FACB6ED6-523B-4C3F-BC33-24E42D9F7477}"
EndProject
Global
	GlobalSection(SolutionConfigurationPlatforms) = preSolution
		Debug|Any CPU = Debug|Any CPU
		Release|Any CPU = Release|Any CPU
	EndGlobalSection
	GlobalSection(ProjectConfigurationPlatforms) = postSolution
		{FACB6ED6-523B-4C3F-BC33-24E42D9F7477}.Debug|Any CPU.ActiveCfg = Debug|Any CPU
		{FACB6ED6-523B-4C3F-BC33-24E42D9F7477}.Debug|Any CPU.Build.0 = Debug|Any CPU
		{FACB6ED6-523B-4C3F-BC33-24E42D9F7477}.Release|Any CPU.ActiveCfg = Release|Any CPU
		{FACB6ED6-523B-4C3F-BC33-24E42D9F7477}.Release|Any CPU.Build.0 = Release|Any CPU
	EndGlobalSection
	GlobalSection(SolutionProperties) = preSolution
		HideSolutionNode = FALSE
	EndGlobalSection
	GlobalSection(ExtensibilityGlobals) = postSolution
		SolutionGuid = {5FFC7E20-6138-4983-AA39-BCB2306BD17C}
	EndGlobalSection
EndGlobal
